// !$*UTF8*$!
{
	archiveVersion = 1;
	classes = {
	};
	objectVersion = 56;
	objects = {

/* Begin PBXBuildFile section */
		64F5417EE923768AABCC7E9E /* SharedTypes in Frameworks */ = {isa = PBXBuildFile; productRef = 9123A930B4194126C760B7A7 /* SharedTypes */; };
		68AAFC9D1358A375336D7CB3 /* libshared.a in Frameworks */ = {isa = PBXBuildFile; fileRef = B96B6B999B2EFF6A7BD50EB1 /* libshared.a */; };
		7C4B7EAA735851DE3CA819A5 /* SecureNoteApp.swift in Sources */ = {isa = PBXBuildFile; fileRef = C98E67F4F8994B61FEFD96DB /* SecureNoteApp.swift */; };
		8C743209DAF325A7B2309401 /* ContentView.swift in Sources */ = {isa = PBXBuildFile; fileRef = 0CEFDE394C18C2751E11A204 /* ContentView.swift */; };
		B694A0E5198881C2796302BB /* core.swift in Sources */ = {isa = PBXBuildFile; fileRef = 480EBA364FD32B4A81A4050B /* core.swift */; };
		E274C71542EB85EDE32085F8 /* shared.udl in Sources */ = {isa = PBXBuildFile; fileRef = B035D2090C0952BB2E7BB568 /* shared.udl */; };
		F9BA28C3C328705114097345 /* uniffi-bindgen in Resources */ = {isa = PBXBuildFile; fileRef = 0A6CF3D2BD86DE043E4A8D2C /* uniffi-bindgen */; settings = {ATTRIBUTES = (RemoveHeadersOnCopy, ); }; };
/* End PBXBuildFile section */

/* Begin PBXBuildRule section */
		4054B19DBDA89B1FE88AF67B /* PBXBuildRule */ = {
			isa = PBXBuildRule;
			compilerSpec = com.apple.compilers.proxy.script;
			filePatterns = "*.udl";
			fileType = pattern.proxy;
			isEditable = 1;
			name = "Generate FFI";
			outputFiles = (
				"$(PROJECT_DIR)/generated/$(INPUT_FILE_BASE).swift",
				"$(PROJECT_DIR)/generated/$(INPUT_FILE_BASE)FFI.h",
			);
			outputFilesCompilerFlags = (
			);
			runOncePerArchitecture = 0;
			script = "#!/bin/bash\nset -e\n\n# Skip during indexing phase in XCode 13+\nif [ \"$ACTION\" == \"indexbuild\" ]; then\n  echo \"Not building *.udl files during indexing.\"\n  exit 0\nfi\n\n# Skip for preview builds\nif [ \"$ENABLE_PREVIEWS\" = \"YES\" ]; then\n  echo \"Not building *.udl files during preview builds.\"\n  exit 0\nfi\n\ncd \"${INPUT_FILE_DIR}/..\"\n\"${BUILD_DIR}/debug/uniffi-bindgen\" generate \"src/${INPUT_FILE_NAME}\" --language swift --out-dir \"${PROJECT_DIR}/generated\"\n";
		};
/* End PBXBuildRule section */

/* Begin PBXContainerItemProxy section */
		58A6D3824D5EC34468E095FF /* PBXContainerItemProxy */ = {
			isa = PBXContainerItemProxy;
			containerPortal = 18904FD1C597C2A71831DD26 /* Shared */;
			proxyType = 1;
			remoteGlobalIDString = CA01FA85CE9EC9E9420AF992;
			remoteInfo = "uniffi-bindgen-bin";
		};
		6E9B071116053137E043BD2D /* PBXContainerItemProxy */ = {
			isa = PBXContainerItemProxy;
			containerPortal = 18904FD1C597C2A71831DD26 /* Shared */;
			proxyType = 2;
			remoteGlobalIDString = CA01FA85CE9E8109328FB0D5;
			remoteInfo = "uniffi-bindgen-bin";
		};
		D3998136925BD83F760F650B /* PBXContainerItemProxy */ = {
			isa = PBXContainerItemProxy;
			containerPortal = 18904FD1C597C2A71831DD26 /* Shared */;
			proxyType = 2;
			remoteGlobalIDString = CA0049BF7D4FFB09138082B7;
			remoteInfo = "shared-staticlib";
		};
		E5EE1FA49A6BB3C7F9C4A801 /* PBXContainerItemProxy */ = {
			isa = PBXContainerItemProxy;
			containerPortal = 18904FD1C597C2A71831DD26 /* Shared */;
			proxyType = 1;
			remoteGlobalIDString = CA0049BF7D4FD346A0A05154;
			remoteInfo = "shared-staticlib";
		};
/* End PBXContainerItemProxy section */

/* Begin PBXFileReference section */
		0CEFDE394C18C2751E11A204 /* ContentView.swift */ = {isa = PBXFileReference; lastKnownFileType = sourcecode.swift; path = ContentView.swift; sourceTree = "<group>"; };
		18904FD1C597C2A71831DD26 /* Shared */ = {isa = PBXFileReference; lastKnownFileType = "wrapper.pb-project"; name = Shared; path = ../shared/shared.xcodeproj; sourceTree = "<group>"; };
		1E78BA96A449C35021FC9D16 /* SharedTypes */ = {isa = PBXFileReference; lastKnownFileType = folder; name = SharedTypes; path = ../shared_types/generated/swift/SharedTypes; sourceTree = SOURCE_ROOT; };
		361DAFF4C6A759B8F7521565 /* Info.plist */ = {isa = PBXFileReference; lastKnownFileType = text.plist; path = Info.plist; sourceTree = "<group>"; };
		480EBA364FD32B4A81A4050B /* core.swift */ = {isa = PBXFileReference; lastKnownFileType = sourcecode.swift; path = core.swift; sourceTree = "<group>"; };
		A11BF39F730A02732CC9DC96 /* SecureNote.app */ = {isa = PBXFileReference; includeInIndex = 0; lastKnownFileType = wrapper.application; path = SecureNote.app; sourceTree = BUILT_PRODUCTS_DIR; };
		B035D2090C0952BB2E7BB568 /* shared.udl */ = {isa = PBXFileReference; lastKnownFileType = text; path = shared.udl; sourceTree = "<group>"; };
		C98E67F4F8994B61FEFD96DB /* SecureNoteApp.swift */ = {isa = PBXFileReference; lastKnownFileType = sourcecode.swift; path = SecureNoteApp.swift; sourceTree = "<group>"; };
/* End PBXFileReference section */

/* Begin PBXFrameworksBuildPhase section */
		ED7CAB605ED66A6B01D056B4 /* Frameworks */ = {
			isa = PBXFrameworksBuildPhase;
			buildActionMask = 2147483647;
			files = (
				68AAFC9D1358A375336D7CB3 /* libshared.a in Frameworks */,
				64F5417EE923768AABCC7E9E /* SharedTypes in Frameworks */,
			);
			runOnlyForDeploymentPostprocessing = 0;
		};
/* End PBXFrameworksBuildPhase section */

/* Begin PBXGroup section */
		2EDE27BA09D9C2AD2679383A /* Packages */ = {
			isa = PBXGroup;
			children = (
				1E78BA96A449C35021FC9D16 /* SharedTypes */,
			);
			name = Packages;
			sourceTree = "<group>";
		};
		509CA1A9C24AFE15EF62CD3B /* Products */ = {
			isa = PBXGroup;
			children = (
				A11BF39F730A02732CC9DC96 /* SecureNote.app */,
			);
			name = Products;
			sourceTree = "<group>";
		};
		5F44E76991EE21BCEA163887 /* SecureNote */ = {
			isa = PBXGroup;
			children = (
				0CEFDE394C18C2751E11A204 /* ContentView.swift */,
				480EBA364FD32B4A81A4050B /* core.swift */,
				361DAFF4C6A759B8F7521565 /* Info.plist */,
				C98E67F4F8994B61FEFD96DB /* SecureNoteApp.swift */,
			);
			path = SecureNote;
			sourceTree = "<group>";
		};
		6A3B10596898081DD905CBEB /* src */ = {
			isa = PBXGroup;
			children = (
				B035D2090C0952BB2E7BB568 /* shared.udl */,
			);
			name = src;
			path = ../shared/src;
			sourceTree = "<group>";
		};
		6DBF1B1B02DC011E5EF85696 /* Projects */ = {
			isa = PBXGroup;
			children = (
				18904FD1C597C2A71831DD26 /* Shared */,
			);
			name = Projects;
			sourceTree = "<group>";
		};
		C573EB1E51A60490D51FC305 = {
			isa = PBXGroup;
			children = (
				2EDE27BA09D9C2AD2679383A /* Packages */,
				5F44E76991EE21BCEA163887 /* SecureNote */,
				6A3B10596898081DD905CBEB /* src */,
				509CA1A9C24AFE15EF62CD3B /* Products */,
				6DBF1B1B02DC011E5EF85696 /* Projects */,
			);
			sourceTree = "<group>";
		};
		FC8DEF4F5998013D29B6B284 /* Products */ = {
			isa = PBXGroup;
			children = (
				B96B6B999B2EFF6A7BD50EB1 /* libshared.a */,
				0A6CF3D2BD86DE043E4A8D2C /* uniffi-bindgen */,
			);
			name = Products;
			sourceTree = "<group>";
		};
/* End PBXGroup section */

/* Begin PBXNativeTarget section */
		81C0F317E094AAD4CA80885C /* SecureNote */ = {
			isa = PBXNativeTarget;
			buildConfigurationList = B9CF61E757C36D6B49C8EFAE /* Build configuration list for PBXNativeTarget "SecureNote" */;
			buildPhases = (
				827B109DCE1DC93F52D3790C /* Sources */,
				CBF50537341F86908AB15DAA /* Resources */,
				ED7CAB605ED66A6B01D056B4 /* Frameworks */,
			);
			buildRules = (
				4054B19DBDA89B1FE88AF67B /* PBXBuildRule */,
			);
			dependencies = (
				84CD2B9A83E08C1651145D29 /* PBXTargetDependency */,
				6F3E6B05FE79E414B6389358 /* PBXTargetDependency */,
			);
			name = SecureNote;
			packageProductDependencies = (
				9123A930B4194126C760B7A7 /* SharedTypes */,
			);
			productName = SecureNote;
			productReference = A11BF39F730A02732CC9DC96 /* SecureNote.app */;
			productType = "com.apple.product-type.application";
		};
/* End PBXNativeTarget section */

/* Begin PBXProject section */
		62E20BEBEB5DB520347845E1 /* Project object */ = {
			isa = PBXProject;
			attributes = {
				BuildIndependentTargetsInParallel = YES;
				LastUpgradeCheck = 1430;
			};
			buildConfigurationList = D46D396C9B273E30066CB3CE /* Build configuration list for PBXProject "SecureNote" */;
			compatibilityVersion = "Xcode 14.0";
			developmentRegion = en;
			hasScannedForEncodings = 0;
			knownRegions = (
				Base,
				en,
			);
			mainGroup = C573EB1E51A60490D51FC305;
			projectDirPath = "";
			projectReferences = (
				{
					ProductGroup = FC8DEF4F5998013D29B6B284 /* Products */;
					ProjectRef = 18904FD1C597C2A71831DD26 /* Shared */;
				},
			);
			projectRoot = "";
			targets = (
				81C0F317E094AAD4CA80885C /* SecureNote */,
			);
		};
/* End PBXProject section */

/* Begin PBXReferenceProxy section */
		0A6CF3D2BD86DE043E4A8D2C /* uniffi-bindgen */ = {
			isa = PBXReferenceProxy;
			fileType = "compiled.mach-o.executable";
			path = "uniffi-bindgen";
			remoteRef = 6E9B071116053137E043BD2D /* PBXContainerItemProxy */;
			sourceTree = BUILT_PRODUCTS_DIR;
		};
		B96B6B999B2EFF6A7BD50EB1 /* libshared.a */ = {
			isa = PBXReferenceProxy;
			fileType = archive.ar;
			path = libshared.a;
			remoteRef = D3998136925BD83F760F650B /* PBXContainerItemProxy */;
			sourceTree = BUILT_PRODUCTS_DIR;
		};
/* End PBXReferenceProxy section */

/* Begin PBXResourcesBuildPhase section */
		CBF50537341F86908AB15DAA /* Resources */ = {
			isa = PBXResourcesBuildPhase;
			buildActionMask = 2147483647;
			files = (
				F9BA28C3C328705114097345 /* uniffi-bindgen in Resources */,
			);
			runOnlyForDeploymentPostprocessing = 0;
		};
/* End PBXResourcesBuildPhase section */

/* Begin PBXSourcesBuildPhase section */
		827B109DCE1DC93F52D3790C /* Sources */ = {
			isa = PBXSourcesBuildPhase;
			buildActionMask = 2147483647;
			files = (
				8C743209DAF325A7B2309401 /* ContentView.swift in Sources */,
				7C4B7EAA735851DE3CA819A5 /* SecureNoteApp.swift in Sources */,
				B694A0E5198881C2796302BB /* core.swift in Sources */,
				E274C71542EB85EDE32085F8 /* shared.udl in Sources */,
			);
			runOnlyForDeploymentPostprocessing = 0;
		};
/* End PBXSourcesBuildPhase section */

/* Begin PBXTargetDependency section */
		6F3E6B05FE79E414B6389358 /* PBXTargetDependency */ = {
			isa = PBXTargetDependency;
			name = "shared-staticlib";
			targetProxy = E5EE1FA49A6BB3C7F9C4A801 /* PBXContainerItemProxy */;
		};
		84CD2B9A83E08C1651145D29 /* PBXTargetDependency */ = {
			isa = PBXTargetDependency;
			name = "uniffi-bindgen-bin";
			targetProxy = 58A6D3824D5EC34468E095FF /* PBXContainerItemProxy */;
		};
/* End PBXTargetDependency section */

/* Begin XCBuildConfiguration section */
		2A8700E7A83738AAEC6513DA /* Debug */ = {
			isa = XCBuildConfiguration;
			buildSettings = {
				ASSETCATALOG_COMPILER_APPICON_NAME = AppIcon;
				CODE_SIGN_IDENTITY = "iPhone Developer";
				ENABLE_USER_SCRIPT_SANDBOXING = NO;
				INFOPLIST_FILE = SecureNote/Info.plist;
				IPHONEOS_DEPLOYMENT_TARGET = 15.0;
				LD_RUNPATH_SEARCH_PATHS = (
					"$(inherited)",
					"@executable_path/Frameworks",
				);
				OTHER_LDFLAGS = (
					"-w",
					"-ObjC",
				);
				PRODUCT_BUNDLE_IDENTIFIER = com.wassimans.SecureNote;
				SDKROOT = iphoneos;
				SWIFT_OBJC_BRIDGING_HEADER = generated/sharedFFI.h;
				TARGETED_DEVICE_FAMILY = "1,2";
			};
			name = Debug;
		};
		6C5356D3865AD356E0A4BBC6 /* Release */ = {
			isa = XCBuildConfiguration;
			buildSettings = {
				ALWAYS_SEARCH_USER_PATHS = NO;
				CLANG_ANALYZER_NONNULL = YES;
				CLANG_ANALYZER_NUMBER_OBJECT_CONVERSION = YES_AGGRESSIVE;
				CLANG_CXX_LANGUAGE_STANDARD = "gnu++14";
				CLANG_CXX_LIBRARY = "libc++";
				CLANG_ENABLE_MODULES = YES;
				CLANG_ENABLE_OBJC_ARC = YES;
				CLANG_ENABLE_OBJC_WEAK = YES;
				CLANG_WARN_BLOCK_CAPTURE_AUTORELEASING = YES;
				CLANG_WARN_BOOL_CONVERSION = YES;
				CLANG_WARN_COMMA = YES;
				CLANG_WARN_CONSTANT_CONVERSION = YES;
				CLANG_WARN_DEPRECATED_OBJC_IMPLEMENTATIONS = YES;
				CLANG_WARN_DIRECT_OBJC_ISA_USAGE = YES_ERROR;
				CLANG_WARN_DOCUMENTATION_COMMENTS = YES;
				CLANG_WARN_EMPTY_BODY = YES;
				CLANG_WARN_ENUM_CONVERSION = YES;
				CLANG_WARN_INFINITE_RECURSION = YES;
				CLANG_WARN_INT_CONVERSION = YES;
				CLANG_WARN_NON_LITERAL_NULL_CONVERSION = YES;
				CLANG_WARN_OBJC_IMPLICIT_RETAIN_SELF = YES;
				CLANG_WARN_OBJC_LITERAL_CONVERSION = YES;
				CLANG_WARN_OBJC_ROOT_CLASS = YES_ERROR;
				CLANG_WARN_QUOTED_INCLUDE_IN_FRAMEWORK_HEADER = YES;
				CLANG_WARN_RANGE_LOOP_ANALYSIS = YES;
				CLANG_WARN_STRICT_PROTOTYPES = YES;
				CLANG_WARN_SUSPICIOUS_MOVE = YES;
				CLANG_WARN_UNGUARDED_AVAILABILITY = YES_AGGRESSIVE;
				CLANG_WARN_UNREACHABLE_CODE = YES;
				CLANG_WARN__DUPLICATE_METHOD_MATCH = YES;
				COPY_PHASE_STRIP = NO;
				DEBUG_INFORMATION_FORMAT = "dwarf-with-dsym";
				ENABLE_NS_ASSERTIONS = NO;
				ENABLE_STRICT_OBJC_MSGSEND = YES;
				GCC_C_LANGUAGE_STANDARD = gnu11;
				GCC_NO_COMMON_BLOCKS = YES;
				GCC_WARN_64_TO_32_BIT_CONVERSION = YES;
				GCC_WARN_ABOUT_RETURN_TYPE = YES_ERROR;
				GCC_WARN_UNDECLARED_SELECTOR = YES;
				GCC_WARN_UNINITIALIZED_AUTOS = YES_AGGRESSIVE;
				GCC_WARN_UNUSED_FUNCTION = YES;
				GCC_WARN_UNUSED_VARIABLE = YES;
				MTL_ENABLE_DEBUG_INFO = NO;
				MTL_FAST_MATH = YES;
				PRODUCT_NAME = "$(TARGET_NAME)";
				SDKROOT = iphoneos;
				SWIFT_COMPILATION_MODE = wholemodule;
				SWIFT_OPTIMIZATION_LEVEL = "-O";
				SWIFT_VERSION = 5.0;
			};
			name = Release;
		};
		98B165384982FD747C34A5D0 /* Debug */ = {
			isa = XCBuildConfiguration;
			buildSettings = {
				ALWAYS_SEARCH_USER_PATHS = NO;
				CLANG_ANALYZER_NONNULL = YES;
				CLANG_ANALYZER_NUMBER_OBJECT_CONVERSION = YES_AGGRESSIVE;
				CLANG_CXX_LANGUAGE_STANDARD = "gnu++14";
				CLANG_CXX_LIBRARY = "libc++";
				CLANG_ENABLE_MODULES = YES;
				CLANG_ENABLE_OBJC_ARC = YES;
				CLANG_ENABLE_OBJC_WEAK = YES;
				CLANG_WARN_BLOCK_CAPTURE_AUTORELEASING = YES;
				CLANG_WARN_BOOL_CONVERSION = YES;
				CLANG_WARN_COMMA = YES;
				CLANG_WARN_CONSTANT_CONVERSION = YES;
				CLANG_WARN_DEPRECATED_OBJC_IMPLEMENTATIONS = YES;
				CLANG_WARN_DIRECT_OBJC_ISA_USAGE = YES_ERROR;
				CLANG_WARN_DOCUMENTATION_COMMENTS = YES;
				CLANG_WARN_EMPTY_BODY = YES;
				CLANG_WARN_ENUM_CONVERSION = YES;
				CLANG_WARN_INFINITE_RECURSION = YES;
				CLANG_WARN_INT_CONVERSION = YES;
				CLANG_WARN_NON_LITERAL_NULL_CONVERSION = YES;
				CLANG_WARN_OBJC_IMPLICIT_RETAIN_SELF = YES;
				CLANG_WARN_OBJC_LITERAL_CONVERSION = YES;
				CLANG_WARN_OBJC_ROOT_CLASS = YES_ERROR;
				CLANG_WARN_QUOTED_INCLUDE_IN_FRAMEWORK_HEADER = YES;
				CLANG_WARN_RANGE_LOOP_ANALYSIS = YES;
				CLANG_WARN_STRICT_PROTOTYPES = YES;
				CLANG_WARN_SUSPICIOUS_MOVE = YES;
				CLANG_WARN_UNGUARDED_AVAILABILITY = YES_AGGRESSIVE;
				CLANG_WARN_UNREACHABLE_CODE = YES;
				CLANG_WARN__DUPLICATE_METHOD_MATCH = YES;
				COPY_PHASE_STRIP = NO;
				DEBUG_INFORMATION_FORMAT = dwarf;
				ENABLE_STRICT_OBJC_MSGSEND = YES;
				ENABLE_TESTABILITY = YES;
				GCC_C_LANGUAGE_STANDARD = gnu11;
				GCC_DYNAMIC_NO_PIC = NO;
				GCC_NO_COMMON_BLOCKS = YES;
				GCC_OPTIMIZATION_LEVEL = 0;
				GCC_PREPROCESSOR_DEFINITIONS = (
					"$(inherited)",
					"DEBUG=1",
				);
				GCC_WARN_64_TO_32_BIT_CONVERSION = YES;
				GCC_WARN_ABOUT_RETURN_TYPE = YES_ERROR;
				GCC_WARN_UNDECLARED_SELECTOR = YES;
				GCC_WARN_UNINITIALIZED_AUTOS = YES_AGGRESSIVE;
				GCC_WARN_UNUSED_FUNCTION = YES;
				GCC_WARN_UNUSED_VARIABLE = YES;
				MTL_ENABLE_DEBUG_INFO = INCLUDE_SOURCE;
				MTL_FAST_MATH = YES;
				ONLY_ACTIVE_ARCH = YES;
				PRODUCT_NAME = "$(TARGET_NAME)";
				SDKROOT = iphoneos;
				SWIFT_ACTIVE_COMPILATION_CONDITIONS = DEBUG;
				SWIFT_OPTIMIZATION_LEVEL = "-Onone";
				SWIFT_VERSION = 5.0;
			};
			name = Debug;
		};
		BFAC4C7D0B1D2DF3C56C9DB6 /* Release */ = {
			isa = XCBuildConfiguration;
			buildSettings = {
				ASSETCATALOG_COMPILER_APPICON_NAME = AppIcon;
				CODE_SIGN_IDENTITY = "iPhone Developer";
				ENABLE_USER_SCRIPT_SANDBOXING = NO;
				INFOPLIST_FILE = SecureNote/Info.plist;
				IPHONEOS_DEPLOYMENT_TARGET = 15.0;
				LD_RUNPATH_SEARCH_PATHS = (
					"$(inherited)",
					"@executable_path/Frameworks",
				);
				OTHER_LDFLAGS = (
					"-w",
					"-ObjC",
				);
				PRODUCT_BUNDLE_IDENTIFIER = com.wassimans.SecureNote;
				SDKROOT = iphoneos;
				SWIFT_OBJC_BRIDGING_HEADER = generated/sharedFFI.h;
				TARGETED_DEVICE_FAMILY = "1,2";
			};
			name = Release;
		};
/* End XCBuildConfiguration section */

/* Begin XCConfigurationList section */
		B9CF61E757C36D6B49C8EFAE /* Build configuration list for PBXNativeTarget "SecureNote" */ = {
			isa = XCConfigurationList;
			buildConfigurations = (
				2A8700E7A83738AAEC6513DA /* Debug */,
				BFAC4C7D0B1D2DF3C56C9DB6 /* Release */,
			);
			defaultConfigurationIsVisible = 0;
			defaultConfigurationName = Debug;
		};
		D46D396C9B273E30066CB3CE /* Build configuration list for PBXProject "SecureNote" */ = {
			isa = XCConfigurationList;
			buildConfigurations = (
				98B165384982FD747C34A5D0 /* Debug */,
				6C5356D3865AD356E0A4BBC6 /* Release */,
			);
			defaultConfigurationIsVisible = 0;
			defaultConfigurationName = Debug;
		};
/* End XCConfigurationList section */

/* Begin XCSwiftPackageProductDependency section */
		9123A930B4194126C760B7A7 /* SharedTypes */ = {
			isa = XCSwiftPackageProductDependency;
			productName = SharedTypes;
		};
/* End XCSwiftPackageProductDependency section */
	};
	rootObject = 62E20BEBEB5DB520347845E1 /* Project object */;
}
